
Microsoft Visual Studio Solution File, Format Version 12.00
# Visual Studio Version 17
VisualStudioVersion = 17.5.33516.290
MinimumVisualStudioVersion = 10.0.40219.1
Project("{888888A0-9F3D-457C-B088-3A5042F75D52}") = "Pygatewaylidl_v1", "Pygatewaylidl_v1.pyproj", "{3FDEED21-B914-4A55-8F58-5C2252939C65}"
EndProject
Global
	GlobalSection(SolutionConfigurationPlatforms) = preSolution
		Debug|Any CPU = Debug|Any CPU
		Release|Any CPU = Release|Any CPU
	EndGlobalSection
	GlobalSection(ProjectConfigurationPlatforms) = postSolution
		{3FDEED21-B914-4A55-8F58-5C2252939C65}.Debug|Any CPU.ActiveCfg = Debug|Any CPU
		{3FDEED21-B914-4A55-8F58-5C2252939C65}.Release|Any CPU.ActiveCfg = Release|Any CPU
	EndGlobalSection
	GlobalSection(SolutionProperties) = preSolution
		HideSolutionNode = FALSE
	EndGlobalSection
	GlobalSection(ExtensibilityGlobals) = postSolution
		SolutionGuid = {D54D50CD-A7AD-4128-8DDB-C7C0D86AE74A}
	EndGlobalSection
EndGlobal
